
Microsoft Visual Studio Solution File, Format Version 12.00
# Visual Studio Version 16
VisualStudioVersion = 16.0.32901.82
MinimumVisualStudioVersion = 10.0.40219.1
Project("{FAE04EC0-301F-11D3-BF4B-00C04F79EFBC}") = "GameIntroIO", "GameIntroIO\GameIntroIO.csproj", "{B5745178-B221-413C-A2DD-D9B3297AF0FC}"
EndProject
Global
	GlobalSection(SolutionConfigurationPlatforms) = preSolution
		Debug|Any CPU = Debug|Any CPU
		Release|Any CPU = Release|Any CPU
	EndGlobalSection
	GlobalSection(ProjectConfigurationPlatforms) = postSolution
		{B5745178-B221-413C-A2DD-D9B3297AF0FC}.Debug|Any CPU.ActiveCfg = Debug|Any CPU
		{B5745178-B221-413C-A2DD-D9B3297AF0FC}.Debug|Any CPU.Build.0 = Debug|Any CPU
		{B5745178-B221-413C-A2DD-D9B3297AF0FC}.Release|Any CPU.ActiveCfg = Release|Any CPU
		{B5745178-B221-413C-A2DD-D9B3297AF0FC}.Release|Any CPU.Build.0 = Release|Any CPU
	EndGlobalSection
	GlobalSection(SolutionProperties) = preSolution
		HideSolutionNode = FALSE
	EndGlobalSection
	GlobalSection(ExtensibilityGlobals) = postSolution
		SolutionGuid = {DF429506-EE45-4EBB-8040-8E0EF2D465A8}
	EndGlobalSection
EndGlobal
